
Microsoft Visual Studio Solution File, Format Version 12.00
Project("{FAE04EC0-301F-11D3-BF4B-00C04F79EFBC}") = "Zadanie1", "Zadanie1.csproj", "{651B50C0-7725-4E24-9ECF-BB9AB38835C7}"
EndProject
Global
	GlobalSection(SolutionConfigurationPlatforms) = preSolution
		Debug|Any CPU = Debug|Any CPU
		Release|Any CPU = Release|Any CPU
	EndGlobalSection
	GlobalSection(ProjectConfigurationPlatforms) = postSolution
		{651B50C0-7725-4E24-9ECF-BB9AB38835C7}.Debug|Any CPU.ActiveCfg = Debug|Any CPU
		{651B50C0-7725-4E24-9ECF-BB9AB38835C7}.Debug|Any CPU.Build.0 = Debug|Any CPU
		{651B50C0-7725-4E24-9ECF-BB9AB38835C7}.Release|Any CPU.ActiveCfg = Release|Any CPU
		{651B50C0-7725-4E24-9ECF-BB9AB38835C7}.Release|Any CPU.Build.0 = Release|Any CPU
	EndGlobalSection
EndGlobal
